
Microsoft Visual Studio Solution File, Format Version 12.00
# Visual Studio Version 17
VisualStudioVersion = 17.3.32929.385
MinimumVisualStudioVersion = 10.0.40219.1
Project("{FAE04EC0-301F-11D3-BF4B-00C04F79EFBC}") = "BookManagmentService.Domain", "BookManagmentService.Domain\BookManagmentService.Domain.csproj", "{BCF10B38-46C2-432E-B07A-EBB798145B87}"
EndProject
Project("{FAE04EC0-301F-11D3-BF4B-00C04F79EFBC}") = "BookManagmentService.Infrastructure", "BookManagmentService.Infrastructure\BookManagmentService.Infrastructure.csproj", "{5BF8AA5E-0EBD-4A92-A469-6AFD81F9EE67}"
EndProject
Project("{FAE04EC0-301F-11D3-BF4B-00C04F79EFBC}") = "BookManagmentService.Api", "BookManagmentService.Api\BookManagmentService.Api.csproj", "{A7792950-AA6B-4C42-8CAF-C7DD776FEFE3}"
EndProject
Global
	GlobalSection(SolutionConfigurationPlatforms) = preSolution
		Debug|Any CPU = Debug|Any CPU
		Release|Any CPU = Release|Any CPU
	EndGlobalSection
	GlobalSection(ProjectConfigurationPlatforms) = postSolution
		{BCF10B38-46C2-432E-B07A-EBB798145B87}.Debug|Any CPU.ActiveCfg = Debug|Any CPU
		{BCF10B38-46C2-432E-B07A-EBB798145B87}.Debug|Any CPU.Build.0 = Debug|Any CPU
		{BCF10B38-46C2-432E-B07A-EBB798145B87}.Release|Any CPU.ActiveCfg = Release|Any CPU
		{BCF10B38-46C2-432E-B07A-EBB798145B87}.Release|Any CPU.Build.0 = Release|Any CPU
		{5BF8AA5E-0EBD-4A92-A469-6AFD81F9EE67}.Debug|Any CPU.ActiveCfg = Debug|Any CPU
		{5BF8AA5E-0EBD-4A92-A469-6AFD81F9EE67}.Debug|Any CPU.Build.0 = Debug|Any CPU
		{5BF8AA5E-0EBD-4A92-A469-6AFD81F9EE67}.Release|Any CPU.ActiveCfg = Release|Any CPU
		{5BF8AA5E-0EBD-4A92-A469-6AFD81F9EE67}.Release|Any CPU.Build.0 = Release|Any CPU
		{A7792950-AA6B-4C42-8CAF-C7DD776FEFE3}.Debug|Any CPU.ActiveCfg = Debug|Any CPU
		{A7792950-AA6B-4C42-8CAF-C7DD776FEFE3}.Debug|Any CPU.Build.0 = Debug|Any CPU
		{A7792950-AA6B-4C42-8CAF-C7DD776FEFE3}.Release|Any CPU.ActiveCfg = Release|Any CPU
		{A7792950-AA6B-4C42-8CAF-C7DD776FEFE3}.Release|Any CPU.Build.0 = Release|Any CPU
	EndGlobalSection
	GlobalSection(SolutionProperties) = preSolution
		HideSolutionNode = FALSE
	EndGlobalSection
	GlobalSection(ExtensibilityGlobals) = postSolution
		SolutionGuid = {9B90365C-B8ED-40C5-904A-960327C0446E}
	EndGlobalSection
EndGlobal
